// !$*UTF8*$!
{
	archiveVersion = 1;
	classes = {
	};
	objectVersion = 56;
	objects = {

/* Begin PBXBuildFile section */
		790DD1822DC4CB4100FDFC6D /* AIPodcast01App.swift in Sources */ = {isa = PBXBuildFile; fileRef = 790DD1812DC4CB4100FDFC6D /* AIPodcast01App.swift */; };
		790DD1842DC4CB4100FDFC6D /* ContentView.swift in Sources */ = {isa = PBXBuildFile; fileRef = 790DD1832DC4CB4100FDFC6D /* ContentView.swift */; };
		790DD1862DC4CB4300FDFC6D /* Assets.xcassets in Resources */ = {isa = PBXBuildFile; fileRef = 790DD1852DC4CB4300FDFC6D /* Assets.xcassets */; };
		790DD1892DC4CB4300FDFC6D /* Preview Assets.xcassets in Resources */ = {isa = PBXBuildFile; fileRef = 790DD1882DC4CB4300FDFC6D /* Preview Assets.xcassets */; };
		790DD1932DC4CB4300FDFC6D /* AIPodcast01Tests.swift in Sources */ = {isa = PBXBuildFile; fileRef = 790DD1922DC4CB4300FDFC6D /* AIPodcast01Tests.swift */; };
		790DD19D2DC4CB4300FDFC6D /* AIPodcast01UITests.swift in Sources */ = {isa = PBXBuildFile; fileRef = 790DD19C2DC4CB4300FDFC6D /* AIPodcast01UITests.swift */; };
		790DD19F2DC4CB4300FDFC6D /* AIPodcast01UITestsLaunchTests.swift in Sources */ = {isa = PBXBuildFile; fileRef = 790DD19E2DC4CB4300FDFC6D /* AIPodcast01UITestsLaunchTests.swift */; };
		EBD646F72DCEFCFC00A1EE1F /* p40.swift in Sources */ = {isa = PBXBuildFile; fileRef = EBD646F62DCEFCED00A1EE1F /* p40.swift */; };
		EBFFC88B2DD6602900304A8E /* p41.swift in Sources */ = {isa = PBXBuildFile; fileRef = EBFFC88A2DD6602400304A8E /* p41.swift */; };
/* End PBXBuildFile section */

/* Begin PBXContainerItemProxy section */
		790DD18F2DC4CB4300FDFC6D /* PBXContainerItemProxy */ = {
			isa = PBXContainerItemProxy;
			containerPortal = 790DD1762DC4CB4100FDFC6D /* Project object */;
			proxyType = 1;
			remoteGlobalIDString = 790DD17D2DC4CB4100FDFC6D;
			remoteInfo = AIPodcast01;
		};
		790DD1992DC4CB4300FDFC6D /* PBXContainerItemProxy */ = {
			isa = PBXContainerItemProxy;
			containerPortal = 790DD1762DC4CB4100FDFC6D /* Project object */;
			proxyType = 1;
			remoteGlobalIDString = 790DD17D2DC4CB4100FDFC6D;
			remoteInfo = AIPodcast01;
		};
/* End PBXContainerItemProxy section */

/* Begin PBXFileReference section */
		790DD17E2DC4CB4100FDFC6D /* AIPodcast01.app */ = {isa = PBXFileReference; explicitFileType = wrapper.application; includeInIndex = 0; path = AIPodcast01.app; sourceTree = BUILT_PRODUCTS_DIR; };
		790DD1812DC4CB4100FDFC6D /* AIPodcast01App.swift */ = {isa = PBXFileReference; lastKnownFileType = sourcecode.swift; path = AIPodcast01App.swift; sourceTree = "<group>"; };
		790DD1832DC4CB4100FDFC6D /* ContentView.swift */ = {isa = PBXFileReference; lastKnownFileType = sourcecode.swift; path = ContentView.swift; sourceTree = "<group>"; };
		790DD1852DC4CB4300FDFC6D /* Assets.xcassets */ = {isa = PBXFileReference; lastKnownFileType = folder.assetcatalog; path = Assets.xcassets; sourceTree = "<group>"; };
		790DD1882DC4CB4300FDFC6D /* Preview Assets.xcassets */ = {isa = PBXFileReference; lastKnownFileType = folder.assetcatalog; path = "Preview Assets.xcassets"; sourceTree = "<group>"; };
		790DD18E2DC4CB4300FDFC6D /* AIPodcast01Tests.xctest */ = {isa = PBXFileReference; explicitFileType = wrapper.cfbundle; includeInIndex = 0; path = AIPodcast01Tests.xctest; sourceTree = BUILT_PRODUCTS_DIR; };
		790DD1922DC4CB4300FDFC6D /* AIPodcast01Tests.swift */ = {isa = PBXFileReference; lastKnownFileType = sourcecode.swift; path = AIPodcast01Tests.swift; sourceTree = "<group>"; };
		790DD1982DC4CB4300FDFC6D /* AIPodcast01UITests.xctest */ = {isa = PBXFileReference; explicitFileType = wrapper.cfbundle; includeInIndex = 0; path = AIPodcast01UITests.xctest; sourceTree = BUILT_PRODUCTS_DIR; };
		790DD19C2DC4CB4300FDFC6D /* AIPodcast01UITests.swift */ = {isa = PBXFileReference; lastKnownFileType = sourcecode.swift; path = AIPodcast01UITests.swift; sourceTree = "<group>"; };
		790DD19E2DC4CB4300FDFC6D /* AIPodcast01UITestsLaunchTests.swift */ = {isa = PBXFileReference; lastKnownFileType = sourcecode.swift; path = AIPodcast01UITestsLaunchTests.swift; sourceTree = "<group>"; };
		EBD646F62DCEFCED00A1EE1F /* p40.swift */ = {isa = PBXFileReference; lastKnownFileType = sourcecode.swift; path = p40.swift; sourceTree = "<group>"; };
		EBFFC88A2DD6602400304A8E /* p41.swift */ = {isa = PBXFileReference; lastKnownFileType = sourcecode.swift; path = p41.swift; sourceTree = "<group>"; };
/* End PBXFileReference section */

/* Begin PBXFrameworksBuildPhase section */
		790DD17B2DC4CB4100FDFC6D /* Frameworks */ = {
			isa = PBXFrameworksBuildPhase;
			buildActionMask = 2147483647;
			files = (
			);
			runOnlyForDeploymentPostprocessing = 0;
		};
		790DD18B2DC4CB4300FDFC6D /* Frameworks */ = {
			isa = PBXFrameworksBuildPhase;
			buildActionMask = 2147483647;
			files = (
			);
			runOnlyForDeploymentPostprocessing = 0;
		};
		790DD1952DC4CB4300FDFC6D /* Frameworks */ = {
			isa = PBXFrameworksBuildPhase;
			buildActionMask = 2147483647;
			files = (
			);
			runOnlyForDeploymentPostprocessing = 0;
		};
/* End PBXFrameworksBuildPhase section */

/* Begin PBXGroup section */
		790DD1752DC4CB4100FDFC6D = {
			isa = PBXGroup;
			children = (
				790DD1802DC4CB4100FDFC6D /* AIPodcast01 */,
				790DD1912DC4CB4300FDFC6D /* AIPodcast01Tests */,
				790DD19B2DC4CB4300FDFC6D /* AIPodcast01UITests */,
				790DD17F2DC4CB4100FDFC6D /* Products */,
			);
			sourceTree = "<group>";
		};
		790DD17F2DC4CB4100FDFC6D /* Products */ = {
			isa = PBXGroup;
			children = (
				790DD17E2DC4CB4100FDFC6D /* AIPodcast01.app */,
				790DD18E2DC4CB4300FDFC6D /* AIPodcast01Tests.xctest */,
				790DD1982DC4CB4300FDFC6D /* AIPodcast01UITests.xctest */,
			);
			name = Products;
			sourceTree = "<group>";
		};
		790DD1802DC4CB4100FDFC6D /* AIPodcast01 */ = {
			isa = PBXGroup;
			children = (
				EBD646F62DCEFCED00A1EE1F /* p40.swift */,
				EBFFC88A2DD6602400304A8E /* p41.swift */,
				790DD1812DC4CB4100FDFC6D /* AIPodcast01App.swift */,
				790DD1832DC4CB4100FDFC6D /* ContentView.swift */,
				790DD1852DC4CB4300FDFC6D /* Assets.xcassets */,
				790DD1872DC4CB4300FDFC6D /* Preview Content */,
			);
			path = AIPodcast01;
			sourceTree = "<group>";
		};
		790DD1872DC4CB4300FDFC6D /* Preview Content */ = {
			isa = PBXGroup;
			children = (
				790DD1882DC4CB4300FDFC6D /* Preview Assets.xcassets */,
			);
			path = "Preview Content";
			sourceTree = "<group>";
		};
		790DD1912DC4CB4300FDFC6D /* AIPodcast01Tests */ = {
			isa = PBXGroup;
			children = (
				790DD1922DC4CB4300FDFC6D /* AIPodcast01Tests.swift */,
			);
			path = AIPodcast01Tests;
			sourceTree = "<group>";
		};
		790DD19B2DC4CB4300FDFC6D /* AIPodcast01UITests */ = {
			isa = PBXGroup;
			children = (
				790DD19C2DC4CB4300FDFC6D /* AIPodcast01UITests.swift */,
				790DD19E2DC4CB4300FDFC6D /* AIPodcast01UITestsLaunchTests.swift */,
			);
			path = AIPodcast01UITests;
			sourceTree = "<group>";
		};
/* End PBXGroup section */

/* Begin PBXNativeTarget section */
		790DD17D2DC4CB4100FDFC6D /* AIPodcast01 */ = {
			isa = PBXNativeTarget;
			buildConfigurationList = 790DD1A22DC4CB4300FDFC6D /* Build configuration list for PBXNativeTarget "AIPodcast01" */;
			buildPhases = (
				790DD17A2DC4CB4100FDFC6D /* Sources */,
				790DD17B2DC4CB4100FDFC6D /* Frameworks */,
				790DD17C2DC4CB4100FDFC6D /* Resources */,
			);
			buildRules = (
			);
			dependencies = (
			);
			name = AIPodcast01;
			productName = AIPodcast01;
			productReference = 790DD17E2DC4CB4100FDFC6D /* AIPodcast01.app */;
			productType = "com.apple.product-type.application";
		};
		790DD18D2DC4CB4300FDFC6D /* AIPodcast01Tests */ = {
			isa = PBXNativeTarget;
			buildConfigurationList = 790DD1A52DC4CB4300FDFC6D /* Build configuration list for PBXNativeTarget "AIPodcast01Tests" */;
			buildPhases = (
				790DD18A2DC4CB4300FDFC6D /* Sources */,
				790DD18B2DC4CB4300FDFC6D /* Frameworks */,
				790DD18C2DC4CB4300FDFC6D /* Resources */,
			);
			buildRules = (
			);
			dependencies = (
				790DD1902DC4CB4300FDFC6D /* PBXTargetDependency */,
			);
			name = AIPodcast01Tests;
			productName = AIPodcast01Tests;
			productReference = 790DD18E2DC4CB4300FDFC6D /* AIPodcast01Tests.xctest */;
			productType = "com.apple.product-type.bundle.unit-test";
		};
		790DD1972DC4CB4300FDFC6D /* AIPodcast01UITests */ = {
			isa = PBXNativeTarget;
			buildConfigurationList = 790DD1A82DC4CB4300FDFC6D /* Build configuration list for PBXNativeTarget "AIPodcast01UITests" */;
			buildPhases = (
				790DD1942DC4CB4300FDFC6D /* Sources */,
				790DD1952DC4CB4300FDFC6D /* Frameworks */,
				790DD1962DC4CB4300FDFC6D /* Resources */,
			);
			buildRules = (
			);
			dependencies = (
				790DD19A2DC4CB4300FDFC6D /* PBXTargetDependency */,
			);
			name = AIPodcast01UITests;
			productName = AIPodcast01UITests;
			productReference = 790DD1982DC4CB4300FDFC6D /* AIPodcast01UITests.xctest */;
			productType = "com.apple.product-type.bundle.ui-testing";
		};
/* End PBXNativeTarget section */

/* Begin PBXProject section */
		790DD1762DC4CB4100FDFC6D /* Project object */ = {
			isa = PBXProject;
			attributes = {
				BuildIndependentTargetsInParallel = 1;
				LastSwiftUpdateCheck = 1540;
				LastUpgradeCheck = 1540;
				TargetAttributes = {
					790DD17D2DC4CB4100FDFC6D = {
						CreatedOnToolsVersion = 15.4;
					};
					790DD18D2DC4CB4300FDFC6D = {
						CreatedOnToolsVersion = 15.4;
						TestTargetID = 790DD17D2DC4CB4100FDFC6D;
					};
					790DD1972DC4CB4300FDFC6D = {
						CreatedOnToolsVersion = 15.4;
						TestTargetID = 790DD17D2DC4CB4100FDFC6D;
					};
				};
			};
			buildConfigurationList = 790DD1792DC4CB4100FDFC6D /* Build configuration list for PBXProject "AIPodcast01" */;
			compatibilityVersion = "Xcode 14.0";
			developmentRegion = en;
			hasScannedForEncodings = 0;
			knownRegions = (
				en,
				Base,
			);
			mainGroup = 790DD1752DC4CB4100FDFC6D;
			productRefGroup = 790DD17F2DC4CB4100FDFC6D /* Products */;
			projectDirPath = "";
			projectRoot = "";
			targets = (
				790DD17D2DC4CB4100FDFC6D /* AIPodcast01 */,
				790DD18D2DC4CB4300FDFC6D /* AIPodcast01Tests */,
				790DD1972DC4CB4300FDFC6D /* AIPodcast01UITests */,
			);
		};
/* End PBXProject section */

/* Begin PBXResourcesBuildPhase section */
		790DD17C2DC4CB4100FDFC6D /* Resources */ = {
			isa = PBXResourcesBuildPhase;
			buildActionMask = 2147483647;
			files = (
				790DD1892DC4CB4300FDFC6D /* Preview Assets.xcassets in Resources */,
				790DD1862DC4CB4300FDFC6D /* Assets.xcassets in Resources */,
			);
			runOnlyForDeploymentPostprocessing = 0;
		};
		790DD18C2DC4CB4300FDFC6D /* Resources */ = {
			isa = PBXResourcesBuildPhase;
			buildActionMask = 2147483647;
			files = (
			);
			runOnlyForDeploymentPostprocessing = 0;
		};
		790DD1962DC4CB4300FDFC6D /* Resources */ = {
			isa = PBXResourcesBuildPhase;
			buildActionMask = 2147483647;
			files = (
			);
			runOnlyForDeploymentPostprocessing = 0;
		};
/* End PBXResourcesBuildPhase section */

/* Begin PBXSourcesBuildPhase section */
		790DD17A2DC4CB4100FDFC6D /* Sources */ = {
			isa = PBXSourcesBuildPhase;
			buildActionMask = 2147483647;
			files = (
				790DD1842DC4CB4100FDFC6D /* ContentView.swift in Sources */,
				EBFFC88B2DD6602900304A8E /* p41.swift in Sources */,
				EBD646F72DCEFCFC00A1EE1F /* p40.swift in Sources */,
				790DD1822DC4CB4100FDFC6D /* AIPodcast01App.swift in Sources */,
			);
			runOnlyForDeploymentPostprocessing = 0;
		};
		790DD18A2DC4CB4300FDFC6D /* Sources */ = {
			isa = PBXSourcesBuildPhase;
			buildActionMask = 2147483647;
			files = (
				790DD1932DC4CB4300FDFC6D /* AIPodcast01Tests.swift in Sources */,
			);
			runOnlyForDeploymentPostprocessing = 0;
		};
		790DD1942DC4CB4300FDFC6D /* Sources */ = {
			isa = PBXSourcesBuildPhase;
			buildActionMask = 2147483647;
			files = (
				790DD19F2DC4CB4300FDFC6D /* AIPodcast01UITestsLaunchTests.swift in Sources */,
				790DD19D2DC4CB4300FDFC6D /* AIPodcast01UITests.swift in Sources */,
			);
			runOnlyForDeploymentPostprocessing = 0;
		};
/* End PBXSourcesBuildPhase section */

/* Begin PBXTargetDependency section */
		790DD1902DC4CB4300FDFC6D /* PBXTargetDependency */ = {
			isa = PBXTargetDependency;
			target = 790DD17D2DC4CB4100FDFC6D /* AIPodcast01 */;
			targetProxy = 790DD18F2DC4CB4300FDFC6D /* PBXContainerItemProxy */;
		};
		790DD19A2DC4CB4300FDFC6D /* PBXTargetDependency */ = {
			isa = PBXTargetDependency;
			target = 790DD17D2DC4CB4100FDFC6D /* AIPodcast01 */;
			targetProxy = 790DD1992DC4CB4300FDFC6D /* PBXContainerItemProxy */;
		};
/* End PBXTargetDependency section */

/* Begin XCBuildConfiguration section */
		790DD1A02DC4CB4300FDFC6D /* Debug */ = {
			isa = XCBuildConfiguration;
			buildSettings = {
				ALWAYS_SEARCH_USER_PATHS = NO;
				ASSETCATALOG_COMPILER_GENERATE_SWIFT_ASSET_SYMBOL_EXTENSIONS = YES;
				CLANG_ANALYZER_NONNULL = YES;
				CLANG_ANALYZER_NUMBER_OBJECT_CONVERSION = YES_AGGRESSIVE;
				CLANG_CXX_LANGUAGE_STANDARD = "gnu++20";
				CLANG_ENABLE_MODULES = YES;
				CLANG_ENABLE_OBJC_ARC = YES;
				CLANG_ENABLE_OBJC_WEAK = YES;
				CLANG_WARN_BLOCK_CAPTURE_AUTORELEASING = YES;
				CLANG_WARN_BOOL_CONVERSION = YES;
				CLANG_WARN_COMMA = YES;
				CLANG_WARN_CONSTANT_CONVERSION = YES;
				CLANG_WARN_DEPRECATED_OBJC_IMPLEMENTATIONS = YES;
				CLANG_WARN_DIRECT_OBJC_ISA_USAGE = YES_ERROR;
				CLANG_WARN_DOCUMENTATION_COMMENTS = YES;
				CLANG_WARN_EMPTY_BODY = YES;
				CLANG_WARN_ENUM_CONVERSION = YES;
				CLANG_WARN_INFINITE_RECURSION = YES;
				CLANG_WARN_INT_CONVERSION = YES;
				CLANG_WARN_NON_LITERAL_NULL_CONVERSION = YES;
				CLANG_WARN_OBJC_IMPLICIT_RETAIN_SELF = YES;
				CLANG_WARN_OBJC_LITERAL_CONVERSION = YES;
				CLANG_WARN_OBJC_ROOT_CLASS = YES_ERROR;
				CLANG_WARN_QUOTED_INCLUDE_IN_FRAMEWORK_HEADER = YES;
				CLANG_WARN_RANGE_LOOP_ANALYSIS = YES;
				CLANG_WARN_STRICT_PROTOTYPES = YES;
				CLANG_WARN_SUSPICIOUS_MOVE = YES;
				CLANG_WARN_UNGUARDED_AVAILABILITY = YES_AGGRESSIVE;
				CLANG_WARN_UNREACHABLE_CODE = YES;
				CLANG_WARN__DUPLICATE_METHOD_MATCH = YES;
				COPY_PHASE_STRIP = NO;
				DEBUG_INFORMATION_FORMAT = dwarf;
				ENABLE_STRICT_OBJC_MSGSEND = YES;
				ENABLE_TESTABILITY = YES;
				ENABLE_USER_SCRIPT_SANDBOXING = YES;
				GCC_C_LANGUAGE_STANDARD = gnu17;
				GCC_DYNAMIC_NO_PIC = NO;
				GCC_NO_COMMON_BLOCKS = YES;
				GCC_OPTIMIZATION_LEVEL = 0;
				GCC_PREPROCESSOR_DEFINITIONS = (
					"DEBUG=1",
					"$(inherited)",
				);
				GCC_WARN_64_TO_32_BIT_CONVERSION = YES;
				GCC_WARN_ABOUT_RETURN_TYPE = YES_ERROR;
				GCC_WARN_UNDECLARED_SELECTOR = YES;
				GCC_WARN_UNINITIALIZED_AUTOS = YES_AGGRESSIVE;
				GCC_WARN_UNUSED_FUNCTION = YES;
				GCC_WARN_UNUSED_VARIABLE = YES;
				IPHONEOS_DEPLOYMENT_TARGET = 17.5;
				LOCALIZATION_PREFERS_STRING_CATALOGS = YES;
				MTL_ENABLE_DEBUG_INFO = INCLUDE_SOURCE;
				MTL_FAST_MATH = YES;
				ONLY_ACTIVE_ARCH = YES;
				SDKROOT = iphoneos;
				SWIFT_ACTIVE_COMPILATION_CONDITIONS = "DEBUG $(inherited)";
				SWIFT_OPTIMIZATION_LEVEL = "-Onone";
			};
			name = Debug;
		};
		790DD1A12DC4CB4300FDFC6D /* Release */ = {
			isa = XCBuildConfiguration;
			buildSettings = {
				ALWAYS_SEARCH_USER_PATHS = NO;
				ASSETCATALOG_COMPILER_GENERATE_SWIFT_ASSET_SYMBOL_EXTENSIONS = YES;
				CLANG_ANALYZER_NONNULL = YES;
				CLANG_ANALYZER_NUMBER_OBJECT_CONVERSION = YES_AGGRESSIVE;
				CLANG_CXX_LANGUAGE_STANDARD = "gnu++20";
				CLANG_ENABLE_MODULES = YES;
				CLANG_ENABLE_OBJC_ARC = YES;
				CLANG_ENABLE_OBJC_WEAK = YES;
				CLANG_WARN_BLOCK_CAPTURE_AUTORELEASING = YES;
				CLANG_WARN_BOOL_CONVERSION = YES;
				CLANG_WARN_COMMA = YES;
				CLANG_WARN_CONSTANT_CONVERSION = YES;
				CLANG_WARN_DEPRECATED_OBJC_IMPLEMENTATIONS = YES;
				CLANG_WARN_DIRECT_OBJC_ISA_USAGE = YES_ERROR;
				CLANG_WARN_DOCUMENTATION_COMMENTS = YES;
				CLANG_WARN_EMPTY_BODY = YES;
				CLANG_WARN_ENUM_CONVERSION = YES;
				CLANG_WARN_INFINITE_RECURSION = YES;
				CLANG_WARN_INT_CONVERSION = YES;
				CLANG_WARN_NON_LITERAL_NULL_CONVERSION = YES;
				CLANG_WARN_OBJC_IMPLICIT_RETAIN_SELF = YES;
				CLANG_WARN_OBJC_LITERAL_CONVERSION = YES;
				CLANG_WARN_OBJC_ROOT_CLASS = YES_ERROR;
				CLANG_WARN_QUOTED_INCLUDE_IN_FRAMEWORK_HEADER = YES;
				CLANG_WARN_RANGE_LOOP_ANALYSIS = YES;
				CLANG_WARN_STRICT_PROTOTYPES = YES;
				CLANG_WARN_SUSPICIOUS_MOVE = YES;
				CLANG_WARN_UNGUARDED_AVAILABILITY = YES_AGGRESSIVE;
				CLANG_WARN_UNREACHABLE_CODE = YES;
				CLANG_WARN__DUPLICATE_METHOD_MATCH = YES;
				COPY_PHASE_STRIP = NO;
				DEBUG_INFORMATION_FORMAT = "dwarf-with-dsym";
				ENABLE_NS_ASSERTIONS = NO;
				ENABLE_STRICT_OBJC_MSGSEND = YES;
				ENABLE_USER_SCRIPT_SANDBOXING = YES;
				GCC_C_LANGUAGE_STANDARD = gnu17;
				GCC_NO_COMMON_BLOCKS = YES;
				GCC_WARN_64_TO_32_BIT_CONVERSION = YES;
				GCC_WARN_ABOUT_RETURN_TYPE = YES_ERROR;
				GCC_WARN_UNDECLARED_SELECTOR = YES;
				GCC_WARN_UNINITIALIZED_AUTOS = YES_AGGRESSIVE;
				GCC_WARN_UNUSED_FUNCTION = YES;
				GCC_WARN_UNUSED_VARIABLE = YES;
				IPHONEOS_DEPLOYMENT_TARGET = 17.5;
				LOCALIZATION_PREFERS_STRING_CATALOGS = YES;
				MTL_ENABLE_DEBUG_INFO = NO;
				MTL_FAST_MATH = YES;
				SDKROOT = iphoneos;
				SWIFT_COMPILATION_MODE = wholemodule;
				VALIDATE_PRODUCT = YES;
			};
			name = Release;
		};
		790DD1A32DC4CB4300FDFC6D /* Debug */ = {
			isa = XCBuildConfiguration;
			buildSettings = {
				ASSETCATALOG_COMPILER_APPICON_NAME = AppIcon;
				ASSETCATALOG_COMPILER_GLOBAL_ACCENT_COLOR_NAME = AccentColor;
				CODE_SIGN_STYLE = Automatic;
				CURRENT_PROJECT_VERSION = 1;
				DEVELOPMENT_ASSET_PATHS = "\"AIPodcast01/Preview Content\"";
				DEVELOPMENT_TEAM = GZBG3Y85S9;
				ENABLE_PREVIEWS = YES;
				GENERATE_INFOPLIST_FILE = YES;
				INFOPLIST_KEY_UIApplicationSceneManifest_Generation = YES;
				INFOPLIST_KEY_UIApplicationSupportsIndirectInputEvents = YES;
				INFOPLIST_KEY_UILaunchScreen_Generation = YES;
				INFOPLIST_KEY_UISupportedInterfaceOrientations_iPad = "UIInterfaceOrientationPortrait UIInterfaceOrientationPortraitUpsideDown UIInterfaceOrientationLandscapeLeft UIInterfaceOrientationLandscapeRight";
				INFOPLIST_KEY_UISupportedInterfaceOrientations_iPhone = "UIInterfaceOrientationPortrait UIInterfaceOrientationLandscapeLeft UIInterfaceOrientationLandscapeRight";
				LD_RUNPATH_SEARCH_PATHS = (
					"$(inherited)",
					"@executable_path/Frameworks",
				);
				MARKETING_VERSION = 1.0;
				PRODUCT_BUNDLE_IDENTIFIER = com.fengchia.AIPodcast01;
				PRODUCT_NAME = "$(TARGET_NAME)";
				SWIFT_EMIT_LOC_STRINGS = YES;
				SWIFT_VERSION = 5.0;
				TARGETED_DEVICE_FAMILY = "1,2";
			};
			name = Debug;
		};
		790DD1A42DC4CB4300FDFC6D /* Release */ = {
			isa = XCBuildConfiguration;
			buildSettings = {
				ASSETCATALOG_COMPILER_APPICON_NAME = AppIcon;
				ASSETCATALOG_COMPILER_GLOBAL_ACCENT_COLOR_NAME = AccentColor;
				CODE_SIGN_STYLE = Automatic;
				CURRENT_PROJECT_VERSION = 1;
				DEVELOPMENT_ASSET_PATHS = "\"AIPodcast01/Preview Content\"";
				DEVELOPMENT_TEAM = GZBG3Y85S9;
				ENABLE_PREVIEWS = YES;
				GENERATE_INFOPLIST_FILE = YES;
				INFOPLIST_KEY_UIApplicationSceneManifest_Generation = YES;
				INFOPLIST_KEY_UIApplicationSupportsIndirectInputEvents = YES;
				INFOPLIST_KEY_UILaunchScreen_Generation = YES;
				INFOPLIST_KEY_UISupportedInterfaceOrientations_iPad = "UIInterfaceOrientationPortrait UIInterfaceOrientationPortraitUpsideDown UIInterfaceOrientationLandscapeLeft UIInterfaceOrientationLandscapeRight";
				INFOPLIST_KEY_UISupportedInterfaceOrientations_iPhone = "UIInterfaceOrientationPortrait UIInterfaceOrientationLandscapeLeft UIInterfaceOrientationLandscapeRight";
				LD_RUNPATH_SEARCH_PATHS = (
					"$(inherited)",
					"@executable_path/Frameworks",
				);
				MARKETING_VERSION = 1.0;
				PRODUCT_BUNDLE_IDENTIFIER = com.fengchia.AIPodcast01;
				PRODUCT_NAME = "$(TARGET_NAME)";
				SWIFT_EMIT_LOC_STRINGS = YES;
				SWIFT_VERSION = 5.0;
				TARGETED_DEVICE_FAMILY = "1,2";
			};
			name = Release;
		};
		790DD1A62DC4CB4300FDFC6D /* Debug */ = {
			isa = XCBuildConfiguration;
			buildSettings = {
				ALWAYS_EMBED_SWIFT_STANDARD_LIBRARIES = YES;
				BUNDLE_LOADER = "$(TEST_HOST)";
				CODE_SIGN_STYLE = Automatic;
				CURRENT_PROJECT_VERSION = 1;
				DEVELOPMENT_TEAM = GZBG3Y85S9;
				GENERATE_INFOPLIST_FILE = YES;
				IPHONEOS_DEPLOYMENT_TARGET = 17.5;
				MARKETING_VERSION = 1.0;
				PRODUCT_BUNDLE_IDENTIFIER = com.fengchia.AIPodcast01Tests;
				PRODUCT_NAME = "$(TARGET_NAME)";
				SWIFT_EMIT_LOC_STRINGS = NO;
				SWIFT_VERSION = 5.0;
				TARGETED_DEVICE_FAMILY = "1,2";
				TEST_HOST = "$(BUILT_PRODUCTS_DIR)/AIPodcast01.app/$(BUNDLE_EXECUTABLE_FOLDER_PATH)/AIPodcast01";
			};
			name = Debug;
		};
		790DD1A72DC4CB4300FDFC6D /* Release */ = {
			isa = XCBuildConfiguration;
			buildSettings = {
				ALWAYS_EMBED_SWIFT_STANDARD_LIBRARIES = YES;
				BUNDLE_LOADER = "$(TEST_HOST)";
				CODE_SIGN_STYLE = Automatic;
				CURRENT_PROJECT_VERSION = 1;
				DEVELOPMENT_TEAM = GZBG3Y85S9;
				GENERATE_INFOPLIST_FILE = YES;
				IPHONEOS_DEPLOYMENT_TARGET = 17.5;
				MARKETING_VERSION = 1.0;
				PRODUCT_BUNDLE_IDENTIFIER = com.fengchia.AIPodcast01Tests;
				PRODUCT_NAME = "$(TARGET_NAME)";
				SWIFT_EMIT_LOC_STRINGS = NO;
				SWIFT_VERSION = 5.0;
				TARGETED_DEVICE_FAMILY = "1,2";
				TEST_HOST = "$(BUILT_PRODUCTS_DIR)/AIPodcast01.app/$(BUNDLE_EXECUTABLE_FOLDER_PATH)/AIPodcast01";
			};
			name = Release;
		};
		790DD1A92DC4CB4300FDFC6D /* Debug */ = {
			isa = XCBuildConfiguration;
			buildSettings = {
				ALWAYS_EMBED_SWIFT_STANDARD_LIBRARIES = YES;
				CODE_SIGN_STYLE = Automatic;
				CURRENT_PROJECT_VERSION = 1;
				DEVELOPMENT_TEAM = GZBG3Y85S9;
				GENERATE_INFOPLIST_FILE = YES;
				MARKETING_VERSION = 1.0;
				PRODUCT_BUNDLE_IDENTIFIER = com.fengchia.AIPodcast01UITests;
				PRODUCT_NAME = "$(TARGET_NAME)";
				SWIFT_EMIT_LOC_STRINGS = NO;
				SWIFT_VERSION = 5.0;
				TARGETED_DEVICE_FAMILY = "1,2";
				TEST_TARGET_NAME = AIPodcast01;
			};
			name = Debug;
		};
		790DD1AA2DC4CB4300FDFC6D /* Release */ = {
			isa = XCBuildConfiguration;
			buildSettings = {
				ALWAYS_EMBED_SWIFT_STANDARD_LIBRARIES = YES;
				CODE_SIGN_STYLE = Automatic;
				CURRENT_PROJECT_VERSION = 1;
				DEVELOPMENT_TEAM = GZBG3Y85S9;
				GENERATE_INFOPLIST_FILE = YES;
				MARKETING_VERSION = 1.0;
				PRODUCT_BUNDLE_IDENTIFIER = com.fengchia.AIPodcast01UITests;
				PRODUCT_NAME = "$(TARGET_NAME)";
				SWIFT_EMIT_LOC_STRINGS = NO;
				SWIFT_VERSION = 5.0;
				TARGETED_DEVICE_FAMILY = "1,2";
				TEST_TARGET_NAME = AIPodcast01;
			};
			name = Release;
		};
/* End XCBuildConfiguration section */

/* Begin XCConfigurationList section */
		790DD1792DC4CB4100FDFC6D /* Build configuration list for PBXProject "AIPodcast01" */ = {
			isa = XCConfigurationList;
			buildConfigurations = (
				790DD1A02DC4CB4300FDFC6D /* Debug */,
				790DD1A12DC4CB4300FDFC6D /* Release */,
			);
			defaultConfigurationIsVisible = 0;
			defaultConfigurationName = Release;
		};
		790DD1A22DC4CB4300FDFC6D /* Build configuration list for PBXNativeTarget "AIPodcast01" */ = {
			isa = XCConfigurationList;
			buildConfigurations = (
				790DD1A32DC4CB4300FDFC6D /* Debug */,
				790DD1A42DC4CB4300FDFC6D /* Release */,
			);
			defaultConfigurationIsVisible = 0;
			defaultConfigurationName = Release;
		};
		790DD1A52DC4CB4300FDFC6D /* Build configuration list for PBXNativeTarget "AIPodcast01Tests" */ = {
			isa = XCConfigurationList;
			buildConfigurations = (
				790DD1A62DC4CB4300FDFC6D /* Debug */,
				790DD1A72DC4CB4300FDFC6D /* Release */,
			);
			defaultConfigurationIsVisible = 0;
			defaultConfigurationName = Release;
		};
		790DD1A82DC4CB4300FDFC6D /* Build configuration list for PBXNativeTarget "AIPodcast01UITests" */ = {
			isa = XCConfigurationList;
			buildConfigurations = (
				790DD1A92DC4CB4300FDFC6D /* Debug */,
				790DD1AA2DC4CB4300FDFC6D /* Release */,
			);
			defaultConfigurationIsVisible = 0;
			defaultConfigurationName = Release;
		};
/* End XCConfigurationList section */
	};
	rootObject = 790DD1762DC4CB4100FDFC6D /* Project object */;
}
